
Microsoft Visual Studio Solution File, Format Version 12.00
# Visual Studio Version 17
VisualStudioVersion = 17.14.36401.2 d17.14
MinimumVisualStudioVersion = 10.0.40219.1
Project("{FAE04EC0-301F-11D3-BF4B-00C04F79EFBC}") = "ImageProcessor", "ImageProcessor\ImageProcessor.csproj", "{1A9FA873-FB20-E604-87F3-DBABA294F844}"
EndProject
Global
	GlobalSection(SolutionConfigurationPlatforms) = preSolution
		Debug|Any CPU = Debug|Any CPU
		Release|Any CPU = Release|Any CPU
	EndGlobalSection
	GlobalSection(ProjectConfigurationPlatforms) = postSolution
		{1A9FA873-FB20-E604-87F3-DBABA294F844}.Debug|Any CPU.ActiveCfg = Debug|Any CPU
		{1A9FA873-FB20-E604-87F3-DBABA294F844}.Debug|Any CPU.Build.0 = Debug|Any CPU
		{1A9FA873-FB20-E604-87F3-DBABA294F844}.Release|Any CPU.ActiveCfg = Release|Any CPU
		{1A9FA873-FB20-E604-87F3-DBABA294F844}.Release|Any CPU.Build.0 = Release|Any CPU
	EndGlobalSection
	GlobalSection(SolutionProperties) = preSolution
		HideSolutionNode = FALSE
	EndGlobalSection
	GlobalSection(ExtensibilityGlobals) = postSolution
		SolutionGuid = {F95EC2CF-2B1B-4AF3-83AA-397A9D2D3B42}
	EndGlobalSection
EndGlobal
